// !$*UTF8*$!
{
	archiveVersion = 1;
	classes = {
	};
	objectVersion = 55;
	objects = {

/* Begin PBXBuildFile section */
		6683B2E127D343E400C81E88 /* AppDelegate.swift in Sources */ = {isa = PBXBuildFile; fileRef = 6683B2E027D343E400C81E88 /* AppDelegate.swift */; };
		6683B2E327D343E400C81E88 /* SceneDelegate.swift in Sources */ = {isa = PBXBuildFile; fileRef = 6683B2E227D343E400C81E88 /* SceneDelegate.swift */; };
		6683B2E527D343E400C81E88 /* ViewController.swift in Sources */ = {isa = PBXBuildFile; fileRef = 6683B2E427D343E400C81E88 /* ViewController.swift */; };
		6683B2E827D343E400C81E88 /* Main.storyboard in Resources */ = {isa = PBXBuildFile; fileRef = 6683B2E627D343E400C81E88 /* Main.storyboard */; };
		6683B2EA27D343E500C81E88 /* Assets.xcassets in Resources */ = {isa = PBXBuildFile; fileRef = 6683B2E927D343E500C81E88 /* Assets.xcassets */; };
		6683B2ED27D343E500C81E88 /* LaunchScreen.storyboard in Resources */ = {isa = PBXBuildFile; fileRef = 6683B2EB27D343E500C81E88 /* LaunchScreen.storyboard */; };
		6683B2F527D3597400C81E88 /* F51007F8-FCDD-44F1-86CF-CF86EEEC4324.png in Resources */ = {isa = PBXBuildFile; fileRef = 6683B2F427D3597400C81E88 /* F51007F8-FCDD-44F1-86CF-CF86EEEC4324.png */; };
/* End PBXBuildFile section */

/* Begin PBXFileReference section */
		6683B2DD27D343E300C81E88 /* ch01-1971506.app */ = {isa = PBXFileReference; explicitFileType = wrapper.application; includeInIndex = 0; path = "ch01-1971506.app"; sourceTree = BUILT_PRODUCTS_DIR; };
		6683B2E027D343E400C81E88 /* AppDelegate.swift */ = {isa = PBXFileReference; lastKnownFileType = sourcecode.swift; path = AppDelegate.swift; sourceTree = "<group>"; };
		6683B2E227D343E400C81E88 /* SceneDelegate.swift */ = {isa = PBXFileReference; lastKnownFileType = sourcecode.swift; path = SceneDelegate.swift; sourceTree = "<group>"; };
		6683B2E427D343E400C81E88 /* ViewController.swift */ = {isa = PBXFileReference; lastKnownFileType = sourcecode.swift; path = ViewController.swift; sourceTree = "<group>"; };
		6683B2E727D343E400C81E88 /* Base */ = {isa = PBXFileReference; lastKnownFileType = file.storyboard; name = Base; path = Base.lproj/Main.storyboard; sourceTree = "<group>"; };
		6683B2E927D343E500C81E88 /* Assets.xcassets */ = {isa = PBXFileReference; lastKnownFileType = folder.assetcatalog; path = Assets.xcassets; sourceTree = "<group>"; };
		6683B2EC27D343E500C81E88 /* Base */ = {isa = PBXFileReference; lastKnownFileType = file.storyboard; name = Base; path = Base.lproj/LaunchScreen.storyboard; sourceTree = "<group>"; };
		6683B2EE27D343E500C81E88 /* Info.plist */ = {isa = PBXFileReference; lastKnownFileType = text.plist.xml; path = Info.plist; sourceTree = "<group>"; };
		6683B2F427D3597400C81E88 /* F51007F8-FCDD-44F1-86CF-CF86EEEC4324.png */ = {isa = PBXFileReference; lastKnownFileType = image.png; name = "F51007F8-FCDD-44F1-86CF-CF86EEEC4324.png"; path = "../../../../Pictures/Photos Library.photoslibrary/originals/F/F51007F8-FCDD-44F1-86CF-CF86EEEC4324.png"; sourceTree = "<group>"; };
/* End PBXFileReference section */

/* Begin PBXFrameworksBuildPhase section */
		6683B2DA27D343E300C81E88 /* Frameworks */ = {
			isa = PBXFrameworksBuildPhase;
			buildActionMask = 2147483647;
			files = (
			);
			runOnlyForDeploymentPostprocessing = 0;
		};
/* End PBXFrameworksBuildPhase section */

/* Begin PBXGroup section */
		6683B2D427D343E300C81E88 = {
			isa = PBXGroup;
			children = (
				6683B2DF27D343E300C81E88 /* ch01-1971506 */,
				6683B2DE27D343E300C81E88 /* Products */,
			);
			sourceTree = "<group>";
		};
		6683B2DE27D343E300C81E88 /* Products */ = {
			isa = PBXGroup;
			children = (
				6683B2DD27D343E300C81E88 /* ch01-1971506.app */,
			);
			name = Products;
			sourceTree = "<group>";
		};
		6683B2DF27D343E300C81E88 /* ch01-1971506 */ = {
			isa = PBXGroup;
			children = (
				6683B2E027D343E400C81E88 /* AppDelegate.swift */,
				6683B2E227D343E400C81E88 /* SceneDelegate.swift */,
				6683B2E427D343E400C81E88 /* ViewController.swift */,
				6683B2E627D343E400C81E88 /* Main.storyboard */,
				6683B2E927D343E500C81E88 /* Assets.xcassets */,
				6683B2EB27D343E500C81E88 /* LaunchScreen.storyboard */,
				6683B2F427D3597400C81E88 /* F51007F8-FCDD-44F1-86CF-CF86EEEC4324.png */,
				6683B2EE27D343E500C81E88 /* Info.plist */,
			);
			path = "ch01-1971506";
			sourceTree = "<group>";
		};
/* End PBXGroup section */

/* Begin PBXNativeTarget section */
		6683B2DC27D343E300C81E88 /* ch01-1971506 */ = {
			isa = PBXNativeTarget;
			buildConfigurationList = 6683B2F127D343E500C81E88 /* Build configuration list for PBXNativeTarget "ch01-1971506" */;
			buildPhases = (
				6683B2D927D343E300C81E88 /* Sources */,
				6683B2DA27D343E300C81E88 /* Frameworks */,
				6683B2DB27D343E300C81E88 /* Resources */,
			);
			buildRules = (
			);
			dependencies = (
			);
			name = "ch01-1971506";
			productName = "ch01-1971506";
			productReference = 6683B2DD27D343E300C81E88 /* ch01-1971506.app */;
			productType = "com.apple.product-type.application";
		};
/* End PBXNativeTarget section */

/* Begin PBXProject section */
		6683B2D527D343E300C81E88 /* Project object */ = {
			isa = PBXProject;
			attributes = {
				BuildIndependentTargetsInParallel = 1;
				LastSwiftUpdateCheck = 1320;
				LastUpgradeCheck = 1320;
				TargetAttributes = {
					6683B2DC27D343E300C81E88 = {
						CreatedOnToolsVersion = 13.2.1;
					};
				};
			};
			buildConfigurationList = 6683B2D827D343E300C81E88 /* Build configuration list for PBXProject "ch01-1971506" */;
			compatibilityVersion = "Xcode 13.0";
			developmentRegion = en;
			hasScannedForEncodings = 0;
			knownRegions = (
				en,
				Base,
			);
			mainGroup = 6683B2D427D343E300C81E88;
			productRefGroup = 6683B2DE27D343E300C81E88 /* Products */;
			projectDirPath = "";
			projectRoot = "";
			targets = (
				6683B2DC27D343E300C81E88 /* ch01-1971506 */,
			);
		};
/* End PBXProject section */

/* Begin PBXResourcesBuildPhase section */
		6683B2DB27D343E300C81E88 /* Resources */ = {
			isa = PBXResourcesBuildPhase;
			buildActionMask = 2147483647;
			files = (
				6683B2ED27D343E500C81E88 /* LaunchScreen.storyboard in Resources */,
				6683B2F527D3597400C81E88 /* F51007F8-FCDD-44F1-86CF-CF86EEEC4324.png in Resources */,
				6683B2EA27D343E500C81E88 /* Assets.xcassets in Resources */,
				6683B2E827D343E400C81E88 /* Main.storyboard in Resources */,
			);
			runOnlyForDeploymentPostprocessing = 0;
		};
/* End PBXResourcesBuildPhase section */

/* Begin PBXSourcesBuildPhase section */
		6683B2D927D343E300C81E88 /* Sources */ = {
			isa = PBXSourcesBuildPhase;
			buildActionMask = 2147483647;
			files = (
				6683B2E527D343E400C81E88 /* ViewController.swift in Sources */,
				6683B2E127D343E400C81E88 /* AppDelegate.swift in Sources */,
				6683B2E327D343E400C81E88 /* SceneDelegate.swift in Sources */,
			);
			runOnlyForDeploymentPostprocessing = 0;
		};
/* End PBXSourcesBuildPhase section */

/* Begin PBXVariantGroup section */
		6683B2E627D343E400C81E88 /* Main.storyboard */ = {
			isa = PBXVariantGroup;
			children = (
				6683B2E727D343E400C81E88 /* Base */,
			);
			name = Main.storyboard;
			sourceTree = "<group>";
		};
		6683B2EB27D343E500C81E88 /* LaunchScreen.storyboard */ = {
			isa = PBXVariantGroup;
			children = (
				6683B2EC27D343E500C81E88 /* Base */,
			);
			name = LaunchScreen.storyboard;
			sourceTree = "<group>";
		};
/* End PBXVariantGroup section */

/* Begin XCBuildConfiguration section */
		6683B2EF27D343E500C81E88 /* Debug */ = {
			isa = XCBuildConfiguration;
			buildSettings = {
				ALWAYS_SEARCH_USER_PATHS = NO;
				CLANG_ANALYZER_NONNULL = YES;
				CLANG_ANALYZER_NUMBER_OBJECT_CONVERSION = YES_AGGRESSIVE;
				CLANG_CXX_LANGUAGE_STANDARD = "gnu++17";
				CLANG_CXX_LIBRARY = "libc++";
				CLANG_ENABLE_MODULES = YES;
				CLANG_ENABLE_OBJC_ARC = YES;
				CLANG_ENABLE_OBJC_WEAK = YES;
				CLANG_WARN_BLOCK_CAPTURE_AUTORELEASING = YES;
				CLANG_WARN_BOOL_CONVERSION = YES;
				CLANG_WARN_COMMA = YES;
				CLANG_WARN_CONSTANT_CONVERSION = YES;
				CLANG_WARN_DEPRECATED_OBJC_IMPLEMENTATIONS = YES;
				CLANG_WARN_DIRECT_OBJC_ISA_USAGE = YES_ERROR;
				CLANG_WARN_DOCUMENTATION_COMMENTS = YES;
				CLANG_WARN_EMPTY_BODY = YES;
				CLANG_WARN_ENUM_CONVERSION = YES;
				CLANG_WARN_INFINITE_RECURSION = YES;
				CLANG_WARN_INT_CONVERSION = YES;
				CLANG_WARN_NON_LITERAL_NULL_CONVERSION = YES;
				CLANG_WARN_OBJC_IMPLICIT_RETAIN_SELF = YES;
				CLANG_WARN_OBJC_LITERAL_CONVERSION = YES;
				CLANG_WARN_OBJC_ROOT_CLASS = YES_ERROR;
				CLANG_WARN_QUOTED_INCLUDE_IN_FRAMEWORK_HEADER = YES;
				CLANG_WARN_RANGE_LOOP_ANALYSIS = YES;
				CLANG_WARN_STRICT_PROTOTYPES = YES;
				CLANG_WARN_SUSPICIOUS_MOVE = YES;
				CLANG_WARN_UNGUARDED_AVAILABILITY = YES_AGGRESSIVE;
				CLANG_WARN_UNREACHABLE_CODE = YES;
				CLANG_WARN__DUPLICATE_METHOD_MATCH = YES;
				COPY_PHASE_STRIP = NO;
				DEBUG_INFORMATION_FORMAT = dwarf;
				ENABLE_STRICT_OBJC_MSGSEND = YES;
				ENABLE_TESTABILITY = YES;
				GCC_C_LANGUAGE_STANDARD = gnu11;
				GCC_DYNAMIC_NO_PIC = NO;
				GCC_NO_COMMON_BLOCKS = YES;
				GCC_OPTIMIZATION_LEVEL = 0;
				GCC_PREPROCESSOR_DEFINITIONS = (
					"DEBUG=1",
					"$(inherited)",
				);
				GCC_WARN_64_TO_32_BIT_CONVERSION = YES;
				GCC_WARN_ABOUT_RETURN_TYPE = YES_ERROR;
				GCC_WARN_UNDECLARED_SELECTOR = YES;
				GCC_WARN_UNINITIALIZED_AUTOS = YES_AGGRESSIVE;
				GCC_WARN_UNUSED_FUNCTION = YES;
				GCC_WARN_UNUSED_VARIABLE = YES;
				IPHONEOS_DEPLOYMENT_TARGET = 15.2;
				MTL_ENABLE_DEBUG_INFO = INCLUDE_SOURCE;
				MTL_FAST_MATH = YES;
				ONLY_ACTIVE_ARCH = YES;
				SDKROOT = iphoneos;
				SWIFT_ACTIVE_COMPILATION_CONDITIONS = DEBUG;
				SWIFT_OPTIMIZATION_LEVEL = "-Onone";
			};
			name = Debug;
		};
		6683B2F027D343E500C81E88 /* Release */ = {
			isa = XCBuildConfiguration;
			buildSettings = {
				ALWAYS_SEARCH_USER_PATHS = NO;
				CLANG_ANALYZER_NONNULL = YES;
				CLANG_ANALYZER_NUMBER_OBJECT_CONVERSION = YES_AGGRESSIVE;
				CLANG_CXX_LANGUAGE_STANDARD = "gnu++17";
				CLANG_CXX_LIBRARY = "libc++";
				CLANG_ENABLE_MODULES = YES;
				CLANG_ENABLE_OBJC_ARC = YES;
				CLANG_ENABLE_OBJC_WEAK = YES;
				CLANG_WARN_BLOCK_CAPTURE_AUTORELEASING = YES;
				CLANG_WARN_BOOL_CONVERSION = YES;
				CLANG_WARN_COMMA = YES;
				CLANG_WARN_CONSTANT_CONVERSION = YES;
				CLANG_WARN_DEPRECATED_OBJC_IMPLEMENTATIONS = YES;
				CLANG_WARN_DIRECT_OBJC_ISA_USAGE = YES_ERROR;
				CLANG_WARN_DOCUMENTATION_COMMENTS = YES;
				CLANG_WARN_EMPTY_BODY = YES;
				CLANG_WARN_ENUM_CONVERSION = YES;
				CLANG_WARN_INFINITE_RECURSION = YES;
				CLANG_WARN_INT_CONVERSION = YES;
				CLANG_WARN_NON_LITERAL_NULL_CONVERSION = YES;
				CLANG_WARN_OBJC_IMPLICIT_RETAIN_SELF = YES;
				CLANG_WARN_OBJC_LITERAL_CONVERSION = YES;
				CLANG_WARN_OBJC_ROOT_CLASS = YES_ERROR;
				CLANG_WARN_QUOTED_INCLUDE_IN_FRAMEWORK_HEADER = YES;
				CLANG_WARN_RANGE_LOOP_ANALYSIS = YES;
				CLANG_WARN_STRICT_PROTOTYPES = YES;
				CLANG_WARN_SUSPICIOUS_MOVE = YES;
				CLANG_WARN_UNGUARDED_AVAILABILITY = YES_AGGRESSIVE;
				CLANG_WARN_UNREACHABLE_CODE = YES;
				CLANG_WARN__DUPLICATE_METHOD_MATCH = YES;
				COPY_PHASE_STRIP = NO;
				DEBUG_INFORMATION_FORMAT = "dwarf-with-dsym";
				ENABLE_NS_ASSERTIONS = NO;
				ENABLE_STRICT_OBJC_MSGSEND = YES;
				GCC_C_LANGUAGE_STANDARD = gnu11;
				GCC_NO_COMMON_BLOCKS = YES;
				GCC_WARN_64_TO_32_BIT_CONVERSION = YES;
				GCC_WARN_ABOUT_RETURN_TYPE = YES_ERROR;
				GCC_WARN_UNDECLARED_SELECTOR = YES;
				GCC_WARN_UNINITIALIZED_AUTOS = YES_AGGRESSIVE;
				GCC_WARN_UNUSED_FUNCTION = YES;
				GCC_WARN_UNUSED_VARIABLE = YES;
				IPHONEOS_DEPLOYMENT_TARGET = 15.2;
				MTL_ENABLE_DEBUG_INFO = NO;
				MTL_FAST_MATH = YES;
				SDKROOT = iphoneos;
				SWIFT_COMPILATION_MODE = wholemodule;
				SWIFT_OPTIMIZATION_LEVEL = "-O";
				VALIDATE_PRODUCT = YES;
			};
			name = Release;
		};
		6683B2F227D343E500C81E88 /* Debug */ = {
			isa = XCBuildConfiguration;
			buildSettings = {
				ASSETCATALOG_COMPILER_APPICON_NAME = AppIcon;
				ASSETCATALOG_COMPILER_GLOBAL_ACCENT_COLOR_NAME = AccentColor;
				CODE_SIGN_STYLE = Automatic;
				CURRENT_PROJECT_VERSION = 1;
				DEVELOPMENT_TEAM = Z87Z9V452D;
				GENERATE_INFOPLIST_FILE = YES;
				INFOPLIST_FILE = "ch01-1971506/Info.plist";
				INFOPLIST_KEY_UIApplicationSupportsIndirectInputEvents = YES;
				INFOPLIST_KEY_UILaunchStoryboardName = LaunchScreen;
				INFOPLIST_KEY_UIMainStoryboardFile = Main;
				INFOPLIST_KEY_UISupportedInterfaceOrientations_iPad = "UIInterfaceOrientationPortrait UIInterfaceOrientationPortraitUpsideDown UIInterfaceOrientationLandscapeLeft UIInterfaceOrientationLandscapeRight";
				INFOPLIST_KEY_UISupportedInterfaceOrientations_iPhone = "UIInterfaceOrientationPortrait UIInterfaceOrientationLandscapeLeft UIInterfaceOrientationLandscapeRight";
				LD_RUNPATH_SEARCH_PATHS = (
					"$(inherited)",
					"@executable_path/Frameworks",
				);
				MARKETING_VERSION = 1.0;
				PRODUCT_BUNDLE_IDENTIFIER = "briancho.ch01-1971506";
				PRODUCT_NAME = "$(TARGET_NAME)";
				SWIFT_EMIT_LOC_STRINGS = YES;
				SWIFT_VERSION = 5.0;
				TARGETED_DEVICE_FAMILY = "1,2";
			};
			name = Debug;
		};
		6683B2F327D343E500C81E88 /* Release */ = {
			isa = XCBuildConfiguration;
			buildSettings = {
				ASSETCATALOG_COMPILER_APPICON_NAME = AppIcon;
				ASSETCATALOG_COMPILER_GLOBAL_ACCENT_COLOR_NAME = AccentColor;
				CODE_SIGN_STYLE = Automatic;
				CURRENT_PROJECT_VERSION = 1;
				DEVELOPMENT_TEAM = Z87Z9V452D;
				GENERATE_INFOPLIST_FILE = YES;
				INFOPLIST_FILE = "ch01-1971506/Info.plist";
				INFOPLIST_KEY_UIApplicationSupportsIndirectInputEvents = YES;
				INFOPLIST_KEY_UILaunchStoryboardName = LaunchScreen;
				INFOPLIST_KEY_UIMainStoryboardFile = Main;
				INFOPLIST_KEY_UISupportedInterfaceOrientations_iPad = "UIInterfaceOrientationPortrait UIInterfaceOrientationPortraitUpsideDown UIInterfaceOrientationLandscapeLeft UIInterfaceOrientationLandscapeRight";
				INFOPLIST_KEY_UISupportedInterfaceOrientations_iPhone = "UIInterfaceOrientationPortrait UIInterfaceOrientationLandscapeLeft UIInterfaceOrientationLandscapeRight";
				LD_RUNPATH_SEARCH_PATHS = (
					"$(inherited)",
					"@executable_path/Frameworks",
				);
				MARKETING_VERSION = 1.0;
				PRODUCT_BUNDLE_IDENTIFIER = "briancho.ch01-1971506";
				PRODUCT_NAME = "$(TARGET_NAME)";
				SWIFT_EMIT_LOC_STRINGS = YES;
				SWIFT_VERSION = 5.0;
				TARGETED_DEVICE_FAMILY = "1,2";
			};
			name = Release;
		};
/* End XCBuildConfiguration section */

/* Begin XCConfigurationList section */
		6683B2D827D343E300C81E88 /* Build configuration list for PBXProject "ch01-1971506" */ = {
			isa = XCConfigurationList;
			buildConfigurations = (
				6683B2EF27D343E500C81E88 /* Debug */,
				6683B2F027D343E500C81E88 /* Release */,
			);
			defaultConfigurationIsVisible = 0;
			defaultConfigurationName = Release;
		};
		6683B2F127D343E500C81E88 /* Build configuration list for PBXNativeTarget "ch01-1971506" */ = {
			isa = XCConfigurationList;
			buildConfigurations = (
				6683B2F227D343E500C81E88 /* Debug */,
				6683B2F327D343E500C81E88 /* Release */,
			);
			defaultConfigurationIsVisible = 0;
			defaultConfigurationName = Release;
		};
/* End XCConfigurationList section */
	};
	rootObject = 6683B2D527D343E300C81E88 /* Project object */;
}
