// !$*UTF8*$!
{
	archiveVersion = 1;
	classes = {
	};
	objectVersion = 55;
	objects = {

/* Begin PBXBuildFile section */
		26C400D7284704E00086688B /* AppDelegate.swift in Sources */ = {isa = PBXBuildFile; fileRef = 26C400D6284704E00086688B /* AppDelegate.swift */; };
		26C400D9284704E00086688B /* SceneDelegate.swift in Sources */ = {isa = PBXBuildFile; fileRef = 26C400D8284704E00086688B /* SceneDelegate.swift */; };
		26C400DB284704E00086688B /* ViewController.swift in Sources */ = {isa = PBXBuildFile; fileRef = 26C400DA284704E00086688B /* ViewController.swift */; };
		26C400DE284704E00086688B /* Main.storyboard in Resources */ = {isa = PBXBuildFile; fileRef = 26C400DC284704E00086688B /* Main.storyboard */; };
		26C400E0284704E00086688B /* Assets.xcassets in Resources */ = {isa = PBXBuildFile; fileRef = 26C400DF284704E00086688B /* Assets.xcassets */; };
		26C400E3284704E00086688B /* LaunchScreen.storyboard in Resources */ = {isa = PBXBuildFile; fileRef = 26C400E1284704E00086688B /* LaunchScreen.storyboard */; };
		26C400EE284704E00086688B /* SwiftUIClassTests.swift in Sources */ = {isa = PBXBuildFile; fileRef = 26C400ED284704E00086688B /* SwiftUIClassTests.swift */; };
		26C400F8284704E00086688B /* SwiftUIClassUITests.swift in Sources */ = {isa = PBXBuildFile; fileRef = 26C400F7284704E00086688B /* SwiftUIClassUITests.swift */; };
		26C400FA284704E00086688B /* SwiftUIClassUITestsLaunchTests.swift in Sources */ = {isa = PBXBuildFile; fileRef = 26C400F9284704E00086688B /* SwiftUIClassUITestsLaunchTests.swift */; };
		26C4010A284715A80086688B /* Food.swift in Sources */ = {isa = PBXBuildFile; fileRef = 26C40109284715A80086688B /* Food.swift */; };
/* End PBXBuildFile section */

/* Begin PBXContainerItemProxy section */
		26C400EA284704E00086688B /* PBXContainerItemProxy */ = {
			isa = PBXContainerItemProxy;
			containerPortal = 26C400CB284704E00086688B /* Project object */;
			proxyType = 1;
			remoteGlobalIDString = 26C400D2284704E00086688B;
			remoteInfo = SwiftUIClass;
		};
		26C400F4284704E00086688B /* PBXContainerItemProxy */ = {
			isa = PBXContainerItemProxy;
			containerPortal = 26C400CB284704E00086688B /* Project object */;
			proxyType = 1;
			remoteGlobalIDString = 26C400D2284704E00086688B;
			remoteInfo = SwiftUIClass;
		};
/* End PBXContainerItemProxy section */

/* Begin PBXFileReference section */
		26C400D3284704E00086688B /* SwiftUIClass.app */ = {isa = PBXFileReference; explicitFileType = wrapper.application; includeInIndex = 0; path = SwiftUIClass.app; sourceTree = BUILT_PRODUCTS_DIR; };
		26C400D6284704E00086688B /* AppDelegate.swift */ = {isa = PBXFileReference; lastKnownFileType = sourcecode.swift; path = AppDelegate.swift; sourceTree = "<group>"; };
		26C400D8284704E00086688B /* SceneDelegate.swift */ = {isa = PBXFileReference; lastKnownFileType = sourcecode.swift; path = SceneDelegate.swift; sourceTree = "<group>"; };
		26C400DA284704E00086688B /* ViewController.swift */ = {isa = PBXFileReference; lastKnownFileType = sourcecode.swift; path = ViewController.swift; sourceTree = "<group>"; };
		26C400DD284704E00086688B /* Base */ = {isa = PBXFileReference; lastKnownFileType = file.storyboard; name = Base; path = Base.lproj/Main.storyboard; sourceTree = "<group>"; };
		26C400DF284704E00086688B /* Assets.xcassets */ = {isa = PBXFileReference; lastKnownFileType = folder.assetcatalog; path = Assets.xcassets; sourceTree = "<group>"; };
		26C400E2284704E00086688B /* Base */ = {isa = PBXFileReference; lastKnownFileType = file.storyboard; name = Base; path = Base.lproj/LaunchScreen.storyboard; sourceTree = "<group>"; };
		26C400E4284704E00086688B /* Info.plist */ = {isa = PBXFileReference; lastKnownFileType = text.plist.xml; path = Info.plist; sourceTree = "<group>"; };
		26C400E9284704E00086688B /* SwiftUIClassTests.xctest */ = {isa = PBXFileReference; explicitFileType = wrapper.cfbundle; includeInIndex = 0; path = SwiftUIClassTests.xctest; sourceTree = BUILT_PRODUCTS_DIR; };
		26C400ED284704E00086688B /* SwiftUIClassTests.swift */ = {isa = PBXFileReference; lastKnownFileType = sourcecode.swift; path = SwiftUIClassTests.swift; sourceTree = "<group>"; };
		26C400F3284704E00086688B /* SwiftUIClassUITests.xctest */ = {isa = PBXFileReference; explicitFileType = wrapper.cfbundle; includeInIndex = 0; path = SwiftUIClassUITests.xctest; sourceTree = BUILT_PRODUCTS_DIR; };
		26C400F7284704E00086688B /* SwiftUIClassUITests.swift */ = {isa = PBXFileReference; lastKnownFileType = sourcecode.swift; path = SwiftUIClassUITests.swift; sourceTree = "<group>"; };
		26C400F9284704E00086688B /* SwiftUIClassUITestsLaunchTests.swift */ = {isa = PBXFileReference; lastKnownFileType = sourcecode.swift; path = SwiftUIClassUITestsLaunchTests.swift; sourceTree = "<group>"; };
		26C40109284715A80086688B /* Food.swift */ = {isa = PBXFileReference; lastKnownFileType = sourcecode.swift; path = Food.swift; sourceTree = "<group>"; };
/* End PBXFileReference section */

/* Begin PBXFrameworksBuildPhase section */
		26C400D0284704E00086688B /* Frameworks */ = {
			isa = PBXFrameworksBuildPhase;
			buildActionMask = 2147483647;
			files = (
			);
			runOnlyForDeploymentPostprocessing = 0;
		};
		26C400E6284704E00086688B /* Frameworks */ = {
			isa = PBXFrameworksBuildPhase;
			buildActionMask = 2147483647;
			files = (
			);
			runOnlyForDeploymentPostprocessing = 0;
		};
		26C400F0284704E00086688B /* Frameworks */ = {
			isa = PBXFrameworksBuildPhase;
			buildActionMask = 2147483647;
			files = (
			);
			runOnlyForDeploymentPostprocessing = 0;
		};
/* End PBXFrameworksBuildPhase section */

/* Begin PBXGroup section */
		26C400CA284704E00086688B = {
			isa = PBXGroup;
			children = (
				26C400D5284704E00086688B /* SwiftUIClass */,
				26C400EC284704E00086688B /* SwiftUIClassTests */,
				26C400F6284704E00086688B /* SwiftUIClassUITests */,
				26C400D4284704E00086688B /* Products */,
			);
			sourceTree = "<group>";
		};
		26C400D4284704E00086688B /* Products */ = {
			isa = PBXGroup;
			children = (
				26C400D3284704E00086688B /* SwiftUIClass.app */,
				26C400E9284704E00086688B /* SwiftUIClassTests.xctest */,
				26C400F3284704E00086688B /* SwiftUIClassUITests.xctest */,
			);
			name = Products;
			sourceTree = "<group>";
		};
		26C400D5284704E00086688B /* SwiftUIClass */ = {
			isa = PBXGroup;
			children = (
				26C40106284705200086688B /* Model */,
				26C40108284705440086688B /* View */,
				26C40107284705330086688B /* Controller */,
				26C400D6284704E00086688B /* AppDelegate.swift */,
				26C400D8284704E00086688B /* SceneDelegate.swift */,
				26C400DF284704E00086688B /* Assets.xcassets */,
				26C400E1284704E00086688B /* LaunchScreen.storyboard */,
				26C400E4284704E00086688B /* Info.plist */,
			);
			path = SwiftUIClass;
			sourceTree = "<group>";
		};
		26C400EC284704E00086688B /* SwiftUIClassTests */ = {
			isa = PBXGroup;
			children = (
				26C400ED284704E00086688B /* SwiftUIClassTests.swift */,
			);
			path = SwiftUIClassTests;
			sourceTree = "<group>";
		};
		26C400F6284704E00086688B /* SwiftUIClassUITests */ = {
			isa = PBXGroup;
			children = (
				26C400F7284704E00086688B /* SwiftUIClassUITests.swift */,
				26C400F9284704E00086688B /* SwiftUIClassUITestsLaunchTests.swift */,
			);
			path = SwiftUIClassUITests;
			sourceTree = "<group>";
		};
		26C40106284705200086688B /* Model */ = {
			isa = PBXGroup;
			children = (
				26C40109284715A80086688B /* Food.swift */,
			);
			path = Model;
			sourceTree = "<group>";
		};
		26C40107284705330086688B /* Controller */ = {
			isa = PBXGroup;
			children = (
				26C400DA284704E00086688B /* ViewController.swift */,
			);
			path = Controller;
			sourceTree = "<group>";
		};
		26C40108284705440086688B /* View */ = {
			isa = PBXGroup;
			children = (
				26C400DC284704E00086688B /* Main.storyboard */,
			);
			path = View;
			sourceTree = "<group>";
		};
/* End PBXGroup section */

/* Begin PBXNativeTarget section */
		26C400D2284704E00086688B /* SwiftUIClass */ = {
			isa = PBXNativeTarget;
			buildConfigurationList = 26C400FD284704E00086688B /* Build configuration list for PBXNativeTarget "SwiftUIClass" */;
			buildPhases = (
				26C400CF284704E00086688B /* Sources */,
				26C400D0284704E00086688B /* Frameworks */,
				26C400D1284704E00086688B /* Resources */,
			);
			buildRules = (
			);
			dependencies = (
			);
			name = SwiftUIClass;
			productName = SwiftUIClass;
			productReference = 26C400D3284704E00086688B /* SwiftUIClass.app */;
			productType = "com.apple.product-type.application";
		};
		26C400E8284704E00086688B /* SwiftUIClassTests */ = {
			isa = PBXNativeTarget;
			buildConfigurationList = 26C40100284704E00086688B /* Build configuration list for PBXNativeTarget "SwiftUIClassTests" */;
			buildPhases = (
				26C400E5284704E00086688B /* Sources */,
				26C400E6284704E00086688B /* Frameworks */,
				26C400E7284704E00086688B /* Resources */,
			);
			buildRules = (
			);
			dependencies = (
				26C400EB284704E00086688B /* PBXTargetDependency */,
			);
			name = SwiftUIClassTests;
			productName = SwiftUIClassTests;
			productReference = 26C400E9284704E00086688B /* SwiftUIClassTests.xctest */;
			productType = "com.apple.product-type.bundle.unit-test";
		};
		26C400F2284704E00086688B /* SwiftUIClassUITests */ = {
			isa = PBXNativeTarget;
			buildConfigurationList = 26C40103284704E00086688B /* Build configuration list for PBXNativeTarget "SwiftUIClassUITests" */;
			buildPhases = (
				26C400EF284704E00086688B /* Sources */,
				26C400F0284704E00086688B /* Frameworks */,
				26C400F1284704E00086688B /* Resources */,
			);
			buildRules = (
			);
			dependencies = (
				26C400F5284704E00086688B /* PBXTargetDependency */,
			);
			name = SwiftUIClassUITests;
			productName = SwiftUIClassUITests;
			productReference = 26C400F3284704E00086688B /* SwiftUIClassUITests.xctest */;
			productType = "com.apple.product-type.bundle.ui-testing";
		};
/* End PBXNativeTarget section */

/* Begin PBXProject section */
		26C400CB284704E00086688B /* Project object */ = {
			isa = PBXProject;
			attributes = {
				BuildIndependentTargetsInParallel = 1;
				LastSwiftUpdateCheck = 1340;
				LastUpgradeCheck = 1340;
				TargetAttributes = {
					26C400D2284704E00086688B = {
						CreatedOnToolsVersion = 13.4;
					};
					26C400E8284704E00086688B = {
						CreatedOnToolsVersion = 13.4;
						TestTargetID = 26C400D2284704E00086688B;
					};
					26C400F2284704E00086688B = {
						CreatedOnToolsVersion = 13.4;
						TestTargetID = 26C400D2284704E00086688B;
					};
				};
			};
			buildConfigurationList = 26C400CE284704E00086688B /* Build configuration list for PBXProject "SwiftUIClass" */;
			compatibilityVersion = "Xcode 13.0";
			developmentRegion = en;
			hasScannedForEncodings = 0;
			knownRegions = (
				en,
				Base,
			);
			mainGroup = 26C400CA284704E00086688B;
			productRefGroup = 26C400D4284704E00086688B /* Products */;
			projectDirPath = "";
			projectRoot = "";
			targets = (
				26C400D2284704E00086688B /* SwiftUIClass */,
				26C400E8284704E00086688B /* SwiftUIClassTests */,
				26C400F2284704E00086688B /* SwiftUIClassUITests */,
			);
		};
/* End PBXProject section */

/* Begin PBXResourcesBuildPhase section */
		26C400D1284704E00086688B /* Resources */ = {
			isa = PBXResourcesBuildPhase;
			buildActionMask = 2147483647;
			files = (
				26C400E3284704E00086688B /* LaunchScreen.storyboard in Resources */,
				26C400E0284704E00086688B /* Assets.xcassets in Resources */,
				26C400DE284704E00086688B /* Main.storyboard in Resources */,
			);
			runOnlyForDeploymentPostprocessing = 0;
		};
		26C400E7284704E00086688B /* Resources */ = {
			isa = PBXResourcesBuildPhase;
			buildActionMask = 2147483647;
			files = (
			);
			runOnlyForDeploymentPostprocessing = 0;
		};
		26C400F1284704E00086688B /* Resources */ = {
			isa = PBXResourcesBuildPhase;
			buildActionMask = 2147483647;
			files = (
			);
			runOnlyForDeploymentPostprocessing = 0;
		};
/* End PBXResourcesBuildPhase section */

/* Begin PBXSourcesBuildPhase section */
		26C400CF284704E00086688B /* Sources */ = {
			isa = PBXSourcesBuildPhase;
			buildActionMask = 2147483647;
			files = (
				26C400DB284704E00086688B /* ViewController.swift in Sources */,
				26C4010A284715A80086688B /* Food.swift in Sources */,
				26C400D7284704E00086688B /* AppDelegate.swift in Sources */,
				26C400D9284704E00086688B /* SceneDelegate.swift in Sources */,
			);
			runOnlyForDeploymentPostprocessing = 0;
		};
		26C400E5284704E00086688B /* Sources */ = {
			isa = PBXSourcesBuildPhase;
			buildActionMask = 2147483647;
			files = (
				26C400EE284704E00086688B /* SwiftUIClassTests.swift in Sources */,
			);
			runOnlyForDeploymentPostprocessing = 0;
		};
		26C400EF284704E00086688B /* Sources */ = {
			isa = PBXSourcesBuildPhase;
			buildActionMask = 2147483647;
			files = (
				26C400F8284704E00086688B /* SwiftUIClassUITests.swift in Sources */,
				26C400FA284704E00086688B /* SwiftUIClassUITestsLaunchTests.swift in Sources */,
			);
			runOnlyForDeploymentPostprocessing = 0;
		};
/* End PBXSourcesBuildPhase section */

/* Begin PBXTargetDependency section */
		26C400EB284704E00086688B /* PBXTargetDependency */ = {
			isa = PBXTargetDependency;
			target = 26C400D2284704E00086688B /* SwiftUIClass */;
			targetProxy = 26C400EA284704E00086688B /* PBXContainerItemProxy */;
		};
		26C400F5284704E00086688B /* PBXTargetDependency */ = {
			isa = PBXTargetDependency;
			target = 26C400D2284704E00086688B /* SwiftUIClass */;
			targetProxy = 26C400F4284704E00086688B /* PBXContainerItemProxy */;
		};
/* End PBXTargetDependency section */

/* Begin PBXVariantGroup section */
		26C400DC284704E00086688B /* Main.storyboard */ = {
			isa = PBXVariantGroup;
			children = (
				26C400DD284704E00086688B /* Base */,
			);
			name = Main.storyboard;
			sourceTree = "<group>";
		};
		26C400E1284704E00086688B /* LaunchScreen.storyboard */ = {
			isa = PBXVariantGroup;
			children = (
				26C400E2284704E00086688B /* Base */,
			);
			name = LaunchScreen.storyboard;
			sourceTree = "<group>";
		};
/* End PBXVariantGroup section */

/* Begin XCBuildConfiguration section */
		26C400FB284704E00086688B /* Debug */ = {
			isa = XCBuildConfiguration;
			buildSettings = {
				ALWAYS_SEARCH_USER_PATHS = NO;
				CLANG_ANALYZER_NONNULL = YES;
				CLANG_ANALYZER_NUMBER_OBJECT_CONVERSION = YES_AGGRESSIVE;
				CLANG_CXX_LANGUAGE_STANDARD = "gnu++17";
				CLANG_ENABLE_MODULES = YES;
				CLANG_ENABLE_OBJC_ARC = YES;
				CLANG_ENABLE_OBJC_WEAK = YES;
				CLANG_WARN_BLOCK_CAPTURE_AUTORELEASING = YES;
				CLANG_WARN_BOOL_CONVERSION = YES;
				CLANG_WARN_COMMA = YES;
				CLANG_WARN_CONSTANT_CONVERSION = YES;
				CLANG_WARN_DEPRECATED_OBJC_IMPLEMENTATIONS = YES;
				CLANG_WARN_DIRECT_OBJC_ISA_USAGE = YES_ERROR;
				CLANG_WARN_DOCUMENTATION_COMMENTS = YES;
				CLANG_WARN_EMPTY_BODY = YES;
				CLANG_WARN_ENUM_CONVERSION = YES;
				CLANG_WARN_INFINITE_RECURSION = YES;
				CLANG_WARN_INT_CONVERSION = YES;
				CLANG_WARN_NON_LITERAL_NULL_CONVERSION = YES;
				CLANG_WARN_OBJC_IMPLICIT_RETAIN_SELF = YES;
				CLANG_WARN_OBJC_LITERAL_CONVERSION = YES;
				CLANG_WARN_OBJC_ROOT_CLASS = YES_ERROR;
				CLANG_WARN_QUOTED_INCLUDE_IN_FRAMEWORK_HEADER = YES;
				CLANG_WARN_RANGE_LOOP_ANALYSIS = YES;
				CLANG_WARN_STRICT_PROTOTYPES = YES;
				CLANG_WARN_SUSPICIOUS_MOVE = YES;
				CLANG_WARN_UNGUARDED_AVAILABILITY = YES_AGGRESSIVE;
				CLANG_WARN_UNREACHABLE_CODE = YES;
				CLANG_WARN__DUPLICATE_METHOD_MATCH = YES;
				COPY_PHASE_STRIP = NO;
				DEBUG_INFORMATION_FORMAT = dwarf;
				ENABLE_STRICT_OBJC_MSGSEND = YES;
				ENABLE_TESTABILITY = YES;
				GCC_C_LANGUAGE_STANDARD = gnu11;
				GCC_DYNAMIC_NO_PIC = NO;
				GCC_NO_COMMON_BLOCKS = YES;
				GCC_OPTIMIZATION_LEVEL = 0;
				GCC_PREPROCESSOR_DEFINITIONS = (
					"DEBUG=1",
					"$(inherited)",
				);
				GCC_WARN_64_TO_32_BIT_CONVERSION = YES;
				GCC_WARN_ABOUT_RETURN_TYPE = YES_ERROR;
				GCC_WARN_UNDECLARED_SELECTOR = YES;
				GCC_WARN_UNINITIALIZED_AUTOS = YES_AGGRESSIVE;
				GCC_WARN_UNUSED_FUNCTION = YES;
				GCC_WARN_UNUSED_VARIABLE = YES;
				IPHONEOS_DEPLOYMENT_TARGET = 15.5;
				MTL_ENABLE_DEBUG_INFO = INCLUDE_SOURCE;
				MTL_FAST_MATH = YES;
				ONLY_ACTIVE_ARCH = YES;
				SDKROOT = iphoneos;
				SWIFT_ACTIVE_COMPILATION_CONDITIONS = DEBUG;
				SWIFT_OPTIMIZATION_LEVEL = "-Onone";
			};
			name = Debug;
		};
		26C400FC284704E00086688B /* Release */ = {
			isa = XCBuildConfiguration;
			buildSettings = {
				ALWAYS_SEARCH_USER_PATHS = NO;
				CLANG_ANALYZER_NONNULL = YES;
				CLANG_ANALYZER_NUMBER_OBJECT_CONVERSION = YES_AGGRESSIVE;
				CLANG_CXX_LANGUAGE_STANDARD = "gnu++17";
				CLANG_ENABLE_MODULES = YES;
				CLANG_ENABLE_OBJC_ARC = YES;
				CLANG_ENABLE_OBJC_WEAK = YES;
				CLANG_WARN_BLOCK_CAPTURE_AUTORELEASING = YES;
				CLANG_WARN_BOOL_CONVERSION = YES;
				CLANG_WARN_COMMA = YES;
				CLANG_WARN_CONSTANT_CONVERSION = YES;
				CLANG_WARN_DEPRECATED_OBJC_IMPLEMENTATIONS = YES;
				CLANG_WARN_DIRECT_OBJC_ISA_USAGE = YES_ERROR;
				CLANG_WARN_DOCUMENTATION_COMMENTS = YES;
				CLANG_WARN_EMPTY_BODY = YES;
				CLANG_WARN_ENUM_CONVERSION = YES;
				CLANG_WARN_INFINITE_RECURSION = YES;
				CLANG_WARN_INT_CONVERSION = YES;
				CLANG_WARN_NON_LITERAL_NULL_CONVERSION = YES;
				CLANG_WARN_OBJC_IMPLICIT_RETAIN_SELF = YES;
				CLANG_WARN_OBJC_LITERAL_CONVERSION = YES;
				CLANG_WARN_OBJC_ROOT_CLASS = YES_ERROR;
				CLANG_WARN_QUOTED_INCLUDE_IN_FRAMEWORK_HEADER = YES;
				CLANG_WARN_RANGE_LOOP_ANALYSIS = YES;
				CLANG_WARN_STRICT_PROTOTYPES = YES;
				CLANG_WARN_SUSPICIOUS_MOVE = YES;
				CLANG_WARN_UNGUARDED_AVAILABILITY = YES_AGGRESSIVE;
				CLANG_WARN_UNREACHABLE_CODE = YES;
				CLANG_WARN__DUPLICATE_METHOD_MATCH = YES;
				COPY_PHASE_STRIP = NO;
				DEBUG_INFORMATION_FORMAT = "dwarf-with-dsym";
				ENABLE_NS_ASSERTIONS = NO;
				ENABLE_STRICT_OBJC_MSGSEND = YES;
				GCC_C_LANGUAGE_STANDARD = gnu11;
				GCC_NO_COMMON_BLOCKS = YES;
				GCC_WARN_64_TO_32_BIT_CONVERSION = YES;
				GCC_WARN_ABOUT_RETURN_TYPE = YES_ERROR;
				GCC_WARN_UNDECLARED_SELECTOR = YES;
				GCC_WARN_UNINITIALIZED_AUTOS = YES_AGGRESSIVE;
				GCC_WARN_UNUSED_FUNCTION = YES;
				GCC_WARN_UNUSED_VARIABLE = YES;
				IPHONEOS_DEPLOYMENT_TARGET = 15.5;
				MTL_ENABLE_DEBUG_INFO = NO;
				MTL_FAST_MATH = YES;
				SDKROOT = iphoneos;
				SWIFT_COMPILATION_MODE = wholemodule;
				SWIFT_OPTIMIZATION_LEVEL = "-O";
				VALIDATE_PRODUCT = YES;
			};
			name = Release;
		};
		26C400FE284704E00086688B /* Debug */ = {
			isa = XCBuildConfiguration;
			buildSettings = {
				ASSETCATALOG_COMPILER_APPICON_NAME = AppIcon;
				ASSETCATALOG_COMPILER_GLOBAL_ACCENT_COLOR_NAME = AccentColor;
				CODE_SIGN_STYLE = Automatic;
				CURRENT_PROJECT_VERSION = 1;
				DEVELOPMENT_TEAM = W7588LM9FP;
				GENERATE_INFOPLIST_FILE = YES;
				INFOPLIST_FILE = SwiftUIClass/Info.plist;
				INFOPLIST_KEY_UIApplicationSupportsIndirectInputEvents = YES;
				INFOPLIST_KEY_UILaunchStoryboardName = LaunchScreen;
				INFOPLIST_KEY_UIMainStoryboardFile = Main;
				INFOPLIST_KEY_UISupportedInterfaceOrientations_iPad = "UIInterfaceOrientationPortrait UIInterfaceOrientationPortraitUpsideDown UIInterfaceOrientationLandscapeLeft UIInterfaceOrientationLandscapeRight";
				INFOPLIST_KEY_UISupportedInterfaceOrientations_iPhone = "UIInterfaceOrientationPortrait UIInterfaceOrientationLandscapeLeft UIInterfaceOrientationLandscapeRight";
				LD_RUNPATH_SEARCH_PATHS = (
					"$(inherited)",
					"@executable_path/Frameworks",
				);
				MARKETING_VERSION = 1.0;
				PRODUCT_BUNDLE_IDENTIFIER = com.SwiftUIClass;
				PRODUCT_NAME = "$(TARGET_NAME)";
				SWIFT_EMIT_LOC_STRINGS = YES;
				SWIFT_VERSION = 5.0;
				TARGETED_DEVICE_FAMILY = "1,2";
			};
			name = Debug;
		};
		26C400FF284704E00086688B /* Release */ = {
			isa = XCBuildConfiguration;
			buildSettings = {
				ASSETCATALOG_COMPILER_APPICON_NAME = AppIcon;
				ASSETCATALOG_COMPILER_GLOBAL_ACCENT_COLOR_NAME = AccentColor;
				CODE_SIGN_STYLE = Automatic;
				CURRENT_PROJECT_VERSION = 1;
				DEVELOPMENT_TEAM = W7588LM9FP;
				GENERATE_INFOPLIST_FILE = YES;
				INFOPLIST_FILE = SwiftUIClass/Info.plist;
				INFOPLIST_KEY_UIApplicationSupportsIndirectInputEvents = YES;
				INFOPLIST_KEY_UILaunchStoryboardName = LaunchScreen;
				INFOPLIST_KEY_UIMainStoryboardFile = Main;
				INFOPLIST_KEY_UISupportedInterfaceOrientations_iPad = "UIInterfaceOrientationPortrait UIInterfaceOrientationPortraitUpsideDown UIInterfaceOrientationLandscapeLeft UIInterfaceOrientationLandscapeRight";
				INFOPLIST_KEY_UISupportedInterfaceOrientations_iPhone = "UIInterfaceOrientationPortrait UIInterfaceOrientationLandscapeLeft UIInterfaceOrientationLandscapeRight";
				LD_RUNPATH_SEARCH_PATHS = (
					"$(inherited)",
					"@executable_path/Frameworks",
				);
				MARKETING_VERSION = 1.0;
				PRODUCT_BUNDLE_IDENTIFIER = com.SwiftUIClass;
				PRODUCT_NAME = "$(TARGET_NAME)";
				SWIFT_EMIT_LOC_STRINGS = YES;
				SWIFT_VERSION = 5.0;
				TARGETED_DEVICE_FAMILY = "1,2";
			};
			name = Release;
		};
		26C40101284704E00086688B /* Debug */ = {
			isa = XCBuildConfiguration;
			buildSettings = {
				ALWAYS_EMBED_SWIFT_STANDARD_LIBRARIES = YES;
				BUNDLE_LOADER = "$(TEST_HOST)";
				CODE_SIGN_STYLE = Automatic;
				CURRENT_PROJECT_VERSION = 1;
				DEVELOPMENT_TEAM = W7588LM9FP;
				GENERATE_INFOPLIST_FILE = YES;
				IPHONEOS_DEPLOYMENT_TARGET = 15.5;
				MARKETING_VERSION = 1.0;
				PRODUCT_BUNDLE_IDENTIFIER = com.SwiftUIClassTests;
				PRODUCT_NAME = "$(TARGET_NAME)";
				SWIFT_EMIT_LOC_STRINGS = NO;
				SWIFT_VERSION = 5.0;
				TARGETED_DEVICE_FAMILY = "1,2";
				TEST_HOST = "$(BUILT_PRODUCTS_DIR)/SwiftUIClass.app/SwiftUIClass";
			};
			name = Debug;
		};
		26C40102284704E00086688B /* Release */ = {
			isa = XCBuildConfiguration;
			buildSettings = {
				ALWAYS_EMBED_SWIFT_STANDARD_LIBRARIES = YES;
				BUNDLE_LOADER = "$(TEST_HOST)";
				CODE_SIGN_STYLE = Automatic;
				CURRENT_PROJECT_VERSION = 1;
				DEVELOPMENT_TEAM = W7588LM9FP;
				GENERATE_INFOPLIST_FILE = YES;
				IPHONEOS_DEPLOYMENT_TARGET = 15.5;
				MARKETING_VERSION = 1.0;
				PRODUCT_BUNDLE_IDENTIFIER = com.SwiftUIClassTests;
				PRODUCT_NAME = "$(TARGET_NAME)";
				SWIFT_EMIT_LOC_STRINGS = NO;
				SWIFT_VERSION = 5.0;
				TARGETED_DEVICE_FAMILY = "1,2";
				TEST_HOST = "$(BUILT_PRODUCTS_DIR)/SwiftUIClass.app/SwiftUIClass";
			};
			name = Release;
		};
		26C40104284704E00086688B /* Debug */ = {
			isa = XCBuildConfiguration;
			buildSettings = {
				ALWAYS_EMBED_SWIFT_STANDARD_LIBRARIES = YES;
				CODE_SIGN_STYLE = Automatic;
				CURRENT_PROJECT_VERSION = 1;
				DEVELOPMENT_TEAM = W7588LM9FP;
				GENERATE_INFOPLIST_FILE = YES;
				MARKETING_VERSION = 1.0;
				PRODUCT_BUNDLE_IDENTIFIER = com.SwiftUIClassUITests;
				PRODUCT_NAME = "$(TARGET_NAME)";
				SWIFT_EMIT_LOC_STRINGS = NO;
				SWIFT_VERSION = 5.0;
				TARGETED_DEVICE_FAMILY = "1,2";
				TEST_TARGET_NAME = SwiftUIClass;
			};
			name = Debug;
		};
		26C40105284704E00086688B /* Release */ = {
			isa = XCBuildConfiguration;
			buildSettings = {
				ALWAYS_EMBED_SWIFT_STANDARD_LIBRARIES = YES;
				CODE_SIGN_STYLE = Automatic;
				CURRENT_PROJECT_VERSION = 1;
				DEVELOPMENT_TEAM = W7588LM9FP;
				GENERATE_INFOPLIST_FILE = YES;
				MARKETING_VERSION = 1.0;
				PRODUCT_BUNDLE_IDENTIFIER = com.SwiftUIClassUITests;
				PRODUCT_NAME = "$(TARGET_NAME)";
				SWIFT_EMIT_LOC_STRINGS = NO;
				SWIFT_VERSION = 5.0;
				TARGETED_DEVICE_FAMILY = "1,2";
				TEST_TARGET_NAME = SwiftUIClass;
			};
			name = Release;
		};
/* End XCBuildConfiguration section */

/* Begin XCConfigurationList section */
		26C400CE284704E00086688B /* Build configuration list for PBXProject "SwiftUIClass" */ = {
			isa = XCConfigurationList;
			buildConfigurations = (
				26C400FB284704E00086688B /* Debug */,
				26C400FC284704E00086688B /* Release */,
			);
			defaultConfigurationIsVisible = 0;
			defaultConfigurationName = Release;
		};
		26C400FD284704E00086688B /* Build configuration list for PBXNativeTarget "SwiftUIClass" */ = {
			isa = XCConfigurationList;
			buildConfigurations = (
				26C400FE284704E00086688B /* Debug */,
				26C400FF284704E00086688B /* Release */,
			);
			defaultConfigurationIsVisible = 0;
			defaultConfigurationName = Release;
		};
		26C40100284704E00086688B /* Build configuration list for PBXNativeTarget "SwiftUIClassTests" */ = {
			isa = XCConfigurationList;
			buildConfigurations = (
				26C40101284704E00086688B /* Debug */,
				26C40102284704E00086688B /* Release */,
			);
			defaultConfigurationIsVisible = 0;
			defaultConfigurationName = Release;
		};
		26C40103284704E00086688B /* Build configuration list for PBXNativeTarget "SwiftUIClassUITests" */ = {
			isa = XCConfigurationList;
			buildConfigurations = (
				26C40104284704E00086688B /* Debug */,
				26C40105284704E00086688B /* Release */,
			);
			defaultConfigurationIsVisible = 0;
			defaultConfigurationName = Release;
		};
/* End XCConfigurationList section */
	};
	rootObject = 26C400CB284704E00086688B /* Project object */;
}
